
Microsoft Visual Studio Solution File, Format Version 12.00
# Visual Studio 14
VisualStudioVersion = 14.0.25420.1
MinimumVisualStudioVersion = 10.0.40219.1
Project("{FAE04EC0-301F-11D3-BF4B-00C04F79EFBC}") = "_Socket_Client", "_Socket\_Socket_Client.csproj", "{7D0DC53A-0D04-4695-AB2E-24DCC093EB51}"
EndProject
Project("{FAE04EC0-301F-11D3-BF4B-00C04F79EFBC}") = "_Socket_Server", "_Socket_Server\_Socket_Server.csproj", "{221F8434-2EFD-4F92-B5EF-ACAF56C23616}"
EndProject
Project("{FAE04EC0-301F-11D3-BF4B-00C04F79EFBC}") = "UpImage", "UpImage\UpImage.csproj", "{E67D55D3-15A0-491A-9F91-E6455C2F5BCB}"
EndProject
Project("{FAE04EC0-301F-11D3-BF4B-00C04F79EFBC}") = "ChangeImage", "ChangeImage\ChangeImage.csproj", "{9B70E595-721C-477F-815B-03110651004A}"
EndProject
Project("{FAE04EC0-301F-11D3-BF4B-00C04F79EFBC}") = "Hanoi", "Hanoi\Hanoi.csproj", "{2EBFA4CA-D364-4EA6-8DE7-0D182411FE4F}"
EndProject
Project("{FAE04EC0-301F-11D3-BF4B-00C04F79EFBC}") = "Test", "Test\Test.csproj", "{10939437-3ACD-4DD7-B119-E06596650E91}"
EndProject
Project("{FAE04EC0-301F-11D3-BF4B-00C04F79EFBC}") = "A_Star", "A_Star\A_Star.csproj", "{FF9DDC80-B3CF-4A45-A3CD-12E847094EA6}"
EndProject
Project("{FAE04EC0-301F-11D3-BF4B-00C04F79EFBC}") = "DingDing", "DingDing\DingDing.csproj", "{17B4F2A9-3636-413B-AE6C-BC96793D14DC}"
EndProject
Project("{FAE04EC0-301F-11D3-BF4B-00C04F79EFBC}") = "ddzServer", "ddzServer\ddzServer.csproj", "{B0E6BEB6-382E-4C1A-96CE-F2B298D12625}"
EndProject
Project("{FAE04EC0-301F-11D3-BF4B-00C04F79EFBC}") = "Calllua", "calllua\Calllua.csproj", "{8B6A2377-CEB6-4104-A86E-14036E25848A}"
EndProject
Project("{FAE04EC0-301F-11D3-BF4B-00C04F79EFBC}") = "CustomHttpServer", "CustomHttpServer\CustomHttpServer.csproj", "{197949BD-40B0-4287-B660-4AC465537360}"
EndProject
Project("{FAE04EC0-301F-11D3-BF4B-00C04F79EFBC}") = "_.net_Test", "_.net_Test\_.net_Test.csproj", "{9C45B7A7-9918-40BD-B7D8-1C6E957FC76D}"
EndProject
Project("{FAE04EC0-301F-11D3-BF4B-00C04F79EFBC}") = "Test_SQLiteHelper", "Test_SQLiteHelper\Test_SQLiteHelper.csproj", "{36D3B9C8-2BC0-445B-A8C3-2FDF43CAB0DB}"
EndProject
Project("{FAE04EC0-301F-11D3-BF4B-00C04F79EFBC}") = "moyu", "moyu\moyu.csproj", "{CCFCA478-1CCF-4D0A-9B7E-D2C230061780}"
EndProject
Project("{FAE04EC0-301F-11D3-BF4B-00C04F79EFBC}") = "ParseHtml", "ParseHtml\ParseHtml.csproj", "{40B3550E-4F23-4C4E-BE2C-2BA9194C4637}"
EndProject
Project("{FAE04EC0-301F-11D3-BF4B-00C04F79EFBC}") = "Backgrounds", "Backgrounds\Backgrounds.csproj", "{645F404F-7C2B-4B6E-87AA-B2D30D831601}"
EndProject
Project("{FAE04EC0-301F-11D3-BF4B-00C04F79EFBC}") = "wallhavenSave", "wallhavenSave\wallhavenSave.csproj", "{6F949461-6E9C-4243-AA08-7E2CC2589E84}"
EndProject
Project("{FAE04EC0-301F-11D3-BF4B-00C04F79EFBC}") = "LeetCode", "LeetCode\LeetCode.csproj", "{D1A5162F-068D-400F-A659-3951E2EC79EC}"
EndProject
Project("{FAE04EC0-301F-11D3-BF4B-00C04F79EFBC}") = "Z_CShapCore", "Z_CShapCore\Z_CShapCore.csproj", "{970EC9C2-ACDA-49F1-808F-8D07D1384C50}"
EndProject
Project("{FAE04EC0-301F-11D3-BF4B-00C04F79EFBC}") = "protoTest", "protoTest\protoTest.csproj", "{F9989C14-E187-4BBF-99BA-5A11DB7D59B7}"
EndProject
Project("{FAE04EC0-301F-11D3-BF4B-00C04F79EFBC}") = "_Socket_Core", "_Socket_Core\_Socket_Core.csproj", "{403000A8-79DC-4C7E-9032-AE9A6E643934}"
EndProject
Project("{FAE04EC0-301F-11D3-BF4B-00C04F79EFBC}") = "HotUpdateApp", "HotUpdateApp\HotUpdateApp.csproj", "{C1A3A90A-AA44-4B16-97E1-82BD5FBCE13C}"
EndProject
Project("{FAE04EC0-301F-11D3-BF4B-00C04F79EFBC}") = "HotUpdateCore", "HotUpdateCore\HotUpdateCore.csproj", "{4350191E-D302-4F76-B182-52A3DDC2A412}"
EndProject
Project("{FAE04EC0-301F-11D3-BF4B-00C04F79EFBC}") = "HotUpdateDll", "HotUpdateDll\HotUpdateDll.csproj", "{ED26B3ED-E96A-41E3-808B-F94EECB1D349}"
EndProject
Project("{FAE04EC0-301F-11D3-BF4B-00C04F79EFBC}") = "FastTo2020", "FastTo2020\FastTo2020.csproj", "{8564AFB0-D68D-4956-929F-2452690E2283}"
EndProject
Global
	GlobalSection(SolutionConfigurationPlatforms) = preSolution
		Debug|Any CPU = Debug|Any CPU
		Release|Any CPU = Release|Any CPU
	EndGlobalSection
	GlobalSection(ProjectConfigurationPlatforms) = postSolution
		{7D0DC53A-0D04-4695-AB2E-24DCC093EB51}.Debug|Any CPU.ActiveCfg = Debug|Any CPU
		{7D0DC53A-0D04-4695-AB2E-24DCC093EB51}.Debug|Any CPU.Build.0 = Debug|Any CPU
		{7D0DC53A-0D04-4695-AB2E-24DCC093EB51}.Release|Any CPU.ActiveCfg = Release|Any CPU
		{7D0DC53A-0D04-4695-AB2E-24DCC093EB51}.Release|Any CPU.Build.0 = Release|Any CPU
		{221F8434-2EFD-4F92-B5EF-ACAF56C23616}.Debug|Any CPU.ActiveCfg = Debug|Any CPU
		{221F8434-2EFD-4F92-B5EF-ACAF56C23616}.Debug|Any CPU.Build.0 = Debug|Any CPU
		{221F8434-2EFD-4F92-B5EF-ACAF56C23616}.Release|Any CPU.ActiveCfg = Release|Any CPU
		{221F8434-2EFD-4F92-B5EF-ACAF56C23616}.Release|Any CPU.Build.0 = Release|Any CPU
		{E67D55D3-15A0-491A-9F91-E6455C2F5BCB}.Debug|Any CPU.ActiveCfg = Debug|Any CPU
		{E67D55D3-15A0-491A-9F91-E6455C2F5BCB}.Debug|Any CPU.Build.0 = Debug|Any CPU
		{E67D55D3-15A0-491A-9F91-E6455C2F5BCB}.Release|Any CPU.ActiveCfg = Release|Any CPU
		{E67D55D3-15A0-491A-9F91-E6455C2F5BCB}.Release|Any CPU.Build.0 = Release|Any CPU
		{9B70E595-721C-477F-815B-03110651004A}.Debug|Any CPU.ActiveCfg = Debug|Any CPU
		{9B70E595-721C-477F-815B-03110651004A}.Debug|Any CPU.Build.0 = Debug|Any CPU
		{9B70E595-721C-477F-815B-03110651004A}.Release|Any CPU.ActiveCfg = Release|Any CPU
		{9B70E595-721C-477F-815B-03110651004A}.Release|Any CPU.Build.0 = Release|Any CPU
		{2EBFA4CA-D364-4EA6-8DE7-0D182411FE4F}.Debug|Any CPU.ActiveCfg = Debug|Any CPU
		{2EBFA4CA-D364-4EA6-8DE7-0D182411FE4F}.Debug|Any CPU.Build.0 = Debug|Any CPU
		{2EBFA4CA-D364-4EA6-8DE7-0D182411FE4F}.Release|Any CPU.ActiveCfg = Release|Any CPU
		{2EBFA4CA-D364-4EA6-8DE7-0D182411FE4F}.Release|Any CPU.Build.0 = Release|Any CPU
		{10939437-3ACD-4DD7-B119-E06596650E91}.Debug|Any CPU.ActiveCfg = Debug|Any CPU
		{10939437-3ACD-4DD7-B119-E06596650E91}.Debug|Any CPU.Build.0 = Debug|Any CPU
		{10939437-3ACD-4DD7-B119-E06596650E91}.Release|Any CPU.ActiveCfg = Release|Any CPU
		{10939437-3ACD-4DD7-B119-E06596650E91}.Release|Any CPU.Build.0 = Release|Any CPU
		{FF9DDC80-B3CF-4A45-A3CD-12E847094EA6}.Debug|Any CPU.ActiveCfg = Debug|Any CPU
		{FF9DDC80-B3CF-4A45-A3CD-12E847094EA6}.Debug|Any CPU.Build.0 = Debug|Any CPU
		{FF9DDC80-B3CF-4A45-A3CD-12E847094EA6}.Release|Any CPU.ActiveCfg = Release|Any CPU
		{FF9DDC80-B3CF-4A45-A3CD-12E847094EA6}.Release|Any CPU.Build.0 = Release|Any CPU
		{17B4F2A9-3636-413B-AE6C-BC96793D14DC}.Debug|Any CPU.ActiveCfg = Debug|Any CPU
		{17B4F2A9-3636-413B-AE6C-BC96793D14DC}.Debug|Any CPU.Build.0 = Debug|Any CPU
		{17B4F2A9-3636-413B-AE6C-BC96793D14DC}.Release|Any CPU.ActiveCfg = Release|Any CPU
		{17B4F2A9-3636-413B-AE6C-BC96793D14DC}.Release|Any CPU.Build.0 = Release|Any CPU
		{B0E6BEB6-382E-4C1A-96CE-F2B298D12625}.Debug|Any CPU.ActiveCfg = Debug|Any CPU
		{B0E6BEB6-382E-4C1A-96CE-F2B298D12625}.Debug|Any CPU.Build.0 = Debug|Any CPU
		{B0E6BEB6-382E-4C1A-96CE-F2B298D12625}.Release|Any CPU.ActiveCfg = Release|Any CPU
		{B0E6BEB6-382E-4C1A-96CE-F2B298D12625}.Release|Any CPU.Build.0 = Release|Any CPU
		{8B6A2377-CEB6-4104-A86E-14036E25848A}.Debug|Any CPU.ActiveCfg = Debug|Any CPU
		{8B6A2377-CEB6-4104-A86E-14036E25848A}.Debug|Any CPU.Build.0 = Debug|Any CPU
		{8B6A2377-CEB6-4104-A86E-14036E25848A}.Release|Any CPU.ActiveCfg = Release|Any CPU
		{8B6A2377-CEB6-4104-A86E-14036E25848A}.Release|Any CPU.Build.0 = Release|Any CPU
		{197949BD-40B0-4287-B660-4AC465537360}.Debug|Any CPU.ActiveCfg = Debug|Any CPU
		{197949BD-40B0-4287-B660-4AC465537360}.Debug|Any CPU.Build.0 = Debug|Any CPU
		{197949BD-40B0-4287-B660-4AC465537360}.Release|Any CPU.ActiveCfg = Release|Any CPU
		{197949BD-40B0-4287-B660-4AC465537360}.Release|Any CPU.Build.0 = Release|Any CPU
		{9C45B7A7-9918-40BD-B7D8-1C6E957FC76D}.Debug|Any CPU.ActiveCfg = Debug|Any CPU
		{9C45B7A7-9918-40BD-B7D8-1C6E957FC76D}.Debug|Any CPU.Build.0 = Debug|Any CPU
		{9C45B7A7-9918-40BD-B7D8-1C6E957FC76D}.Release|Any CPU.ActiveCfg = Release|Any CPU
		{9C45B7A7-9918-40BD-B7D8-1C6E957FC76D}.Release|Any CPU.Build.0 = Release|Any CPU
		{36D3B9C8-2BC0-445B-A8C3-2FDF43CAB0DB}.Debug|Any CPU.ActiveCfg = Debug|Any CPU
		{36D3B9C8-2BC0-445B-A8C3-2FDF43CAB0DB}.Debug|Any CPU.Build.0 = Debug|Any CPU
		{36D3B9C8-2BC0-445B-A8C3-2FDF43CAB0DB}.Release|Any CPU.ActiveCfg = Release|Any CPU
		{36D3B9C8-2BC0-445B-A8C3-2FDF43CAB0DB}.Release|Any CPU.Build.0 = Release|Any CPU
		{CCFCA478-1CCF-4D0A-9B7E-D2C230061780}.Debug|Any CPU.ActiveCfg = Debug|Any CPU
		{CCFCA478-1CCF-4D0A-9B7E-D2C230061780}.Debug|Any CPU.Build.0 = Debug|Any CPU
		{CCFCA478-1CCF-4D0A-9B7E-D2C230061780}.Release|Any CPU.ActiveCfg = Release|Any CPU
		{CCFCA478-1CCF-4D0A-9B7E-D2C230061780}.Release|Any CPU.Build.0 = Release|Any CPU
		{40B3550E-4F23-4C4E-BE2C-2BA9194C4637}.Debug|Any CPU.ActiveCfg = Debug|Any CPU
		{40B3550E-4F23-4C4E-BE2C-2BA9194C4637}.Debug|Any CPU.Build.0 = Debug|Any CPU
		{40B3550E-4F23-4C4E-BE2C-2BA9194C4637}.Release|Any CPU.ActiveCfg = Release|Any CPU
		{40B3550E-4F23-4C4E-BE2C-2BA9194C4637}.Release|Any CPU.Build.0 = Release|Any CPU
		{645F404F-7C2B-4B6E-87AA-B2D30D831601}.Debug|Any CPU.ActiveCfg = Debug|Any CPU
		{645F404F-7C2B-4B6E-87AA-B2D30D831601}.Debug|Any CPU.Build.0 = Debug|Any CPU
		{645F404F-7C2B-4B6E-87AA-B2D30D831601}.Release|Any CPU.ActiveCfg = Release|Any CPU
		{645F404F-7C2B-4B6E-87AA-B2D30D831601}.Release|Any CPU.Build.0 = Release|Any CPU
		{6F949461-6E9C-4243-AA08-7E2CC2589E84}.Debug|Any CPU.ActiveCfg = Debug|Any CPU
		{6F949461-6E9C-4243-AA08-7E2CC2589E84}.Debug|Any CPU.Build.0 = Debug|Any CPU
		{6F949461-6E9C-4243-AA08-7E2CC2589E84}.Release|Any CPU.ActiveCfg = Release|Any CPU
		{6F949461-6E9C-4243-AA08-7E2CC2589E84}.Release|Any CPU.Build.0 = Release|Any CPU
		{D1A5162F-068D-400F-A659-3951E2EC79EC}.Debug|Any CPU.ActiveCfg = Debug|Any CPU
		{D1A5162F-068D-400F-A659-3951E2EC79EC}.Debug|Any CPU.Build.0 = Debug|Any CPU
		{D1A5162F-068D-400F-A659-3951E2EC79EC}.Release|Any CPU.ActiveCfg = Release|Any CPU
		{D1A5162F-068D-400F-A659-3951E2EC79EC}.Release|Any CPU.Build.0 = Release|Any CPU
		{970EC9C2-ACDA-49F1-808F-8D07D1384C50}.Debug|Any CPU.ActiveCfg = Debug|Any CPU
		{970EC9C2-ACDA-49F1-808F-8D07D1384C50}.Debug|Any CPU.Build.0 = Debug|Any CPU
		{970EC9C2-ACDA-49F1-808F-8D07D1384C50}.Release|Any CPU.ActiveCfg = Release|Any CPU
		{970EC9C2-ACDA-49F1-808F-8D07D1384C50}.Release|Any CPU.Build.0 = Release|Any CPU
		{F9989C14-E187-4BBF-99BA-5A11DB7D59B7}.Debug|Any CPU.ActiveCfg = Debug|Any CPU
		{F9989C14-E187-4BBF-99BA-5A11DB7D59B7}.Debug|Any CPU.Build.0 = Debug|Any CPU
		{F9989C14-E187-4BBF-99BA-5A11DB7D59B7}.Release|Any CPU.ActiveCfg = Release|Any CPU
		{F9989C14-E187-4BBF-99BA-5A11DB7D59B7}.Release|Any CPU.Build.0 = Release|Any CPU
		{403000A8-79DC-4C7E-9032-AE9A6E643934}.Debug|Any CPU.ActiveCfg = Debug|Any CPU
		{403000A8-79DC-4C7E-9032-AE9A6E643934}.Debug|Any CPU.Build.0 = Debug|Any CPU
		{403000A8-79DC-4C7E-9032-AE9A6E643934}.Release|Any CPU.ActiveCfg = Release|Any CPU
		{403000A8-79DC-4C7E-9032-AE9A6E643934}.Release|Any CPU.Build.0 = Release|Any CPU
		{C1A3A90A-AA44-4B16-97E1-82BD5FBCE13C}.Debug|Any CPU.ActiveCfg = Debug|Any CPU
		{C1A3A90A-AA44-4B16-97E1-82BD5FBCE13C}.Debug|Any CPU.Build.0 = Debug|Any CPU
		{C1A3A90A-AA44-4B16-97E1-82BD5FBCE13C}.Release|Any CPU.ActiveCfg = Release|Any CPU
		{C1A3A90A-AA44-4B16-97E1-82BD5FBCE13C}.Release|Any CPU.Build.0 = Release|Any CPU
		{4350191E-D302-4F76-B182-52A3DDC2A412}.Debug|Any CPU.ActiveCfg = Debug|Any CPU
		{4350191E-D302-4F76-B182-52A3DDC2A412}.Debug|Any CPU.Build.0 = Debug|Any CPU
		{4350191E-D302-4F76-B182-52A3DDC2A412}.Release|Any CPU.ActiveCfg = Release|Any CPU
		{4350191E-D302-4F76-B182-52A3DDC2A412}.Release|Any CPU.Build.0 = Release|Any CPU
		{ED26B3ED-E96A-41E3-808B-F94EECB1D349}.Debug|Any CPU.ActiveCfg = Debug|Any CPU
		{ED26B3ED-E96A-41E3-808B-F94EECB1D349}.Debug|Any CPU.Build.0 = Debug|Any CPU
		{ED26B3ED-E96A-41E3-808B-F94EECB1D349}.Release|Any CPU.ActiveCfg = Release|Any CPU
		{ED26B3ED-E96A-41E3-808B-F94EECB1D349}.Release|Any CPU.Build.0 = Release|Any CPU
		{8564AFB0-D68D-4956-929F-2452690E2283}.Debug|Any CPU.ActiveCfg = Debug|Any CPU
		{8564AFB0-D68D-4956-929F-2452690E2283}.Debug|Any CPU.Build.0 = Debug|Any CPU
		{8564AFB0-D68D-4956-929F-2452690E2283}.Release|Any CPU.ActiveCfg = Release|Any CPU
		{8564AFB0-D68D-4956-929F-2452690E2283}.Release|Any CPU.Build.0 = Release|Any CPU
	EndGlobalSection
	GlobalSection(SolutionProperties) = preSolution
		HideSolutionNode = FALSE
	EndGlobalSection
EndGlobal
